
Microsoft Visual Studio Solution File, Format Version 12.00
# Visual Studio Version 17
VisualStudioVersion = 17.13.35931.197
MinimumVisualStudioVersion = 10.0.40219.1
Project("{FAE04EC0-301F-11D3-BF4B-00C04F79EFBC}") = "PNTest", "PNTest\PNTest.csproj", "{59CD397D-D13F-4590-B445-BA04F1E5FEAC}"
EndProject
Project("{FAE04EC0-301F-11D3-BF4B-00C04F79EFBC}") = "PNTest.BLL", "PNTest.BLL\PNTest.BLL.csproj", "{1213BC5D-8D1A-438F-8180-D2A1E4C9EEFB}"
EndProject
Global
	GlobalSection(SolutionConfigurationPlatforms) = preSolution
		Debug|Any CPU = Debug|Any CPU
		Release|Any CPU = Release|Any CPU
	EndGlobalSection
	GlobalSection(ProjectConfigurationPlatforms) = postSolution
		{59CD397D-D13F-4590-B445-BA04F1E5FEAC}.Debug|Any CPU.ActiveCfg = Debug|Any CPU
		{59CD397D-D13F-4590-B445-BA04F1E5FEAC}.Debug|Any CPU.Build.0 = Debug|Any CPU
		{59CD397D-D13F-4590-B445-BA04F1E5FEAC}.Release|Any CPU.ActiveCfg = Release|Any CPU
		{59CD397D-D13F-4590-B445-BA04F1E5FEAC}.Release|Any CPU.Build.0 = Release|Any CPU
		{1213BC5D-8D1A-438F-8180-D2A1E4C9EEFB}.Debug|Any CPU.ActiveCfg = Debug|Any CPU
		{1213BC5D-8D1A-438F-8180-D2A1E4C9EEFB}.Debug|Any CPU.Build.0 = Debug|Any CPU
		{1213BC5D-8D1A-438F-8180-D2A1E4C9EEFB}.Release|Any CPU.ActiveCfg = Release|Any CPU
		{1213BC5D-8D1A-438F-8180-D2A1E4C9EEFB}.Release|Any CPU.Build.0 = Release|Any CPU
	EndGlobalSection
	GlobalSection(SolutionProperties) = preSolution
		HideSolutionNode = FALSE
	EndGlobalSection
	GlobalSection(ExtensibilityGlobals) = postSolution
		SolutionGuid = {54F377D7-788F-4766-9086-4ABB53AAFA62}
	EndGlobalSection
EndGlobal
